// !$*UTF8*$!
{
	archiveVersion = 1;
	classes = {
	};
	objectVersion = 46;
	objects = {

/* Begin PBXBuildFile section */
		BA6B2DE31C808872009B00EC /* main.m in Sources */ = {isa = PBXBuildFile; fileRef = BA6B2DE21C808872009B00EC /* main.m */; };
		BA6B2DE61C808872009B00EC /* AppDelegate.m in Sources */ = {isa = PBXBuildFile; fileRef = BA6B2DE51C808872009B00EC /* AppDelegate.m */; };
		BA6B2DE91C808872009B00EC /* ViewController.m in Sources */ = {isa = PBXBuildFile; fileRef = BA6B2DE81C808872009B00EC /* ViewController.m */; };
		BA6B2DEC1C808872009B00EC /* Main.storyboard in Resources */ = {isa = PBXBuildFile; fileRef = BA6B2DEA1C808872009B00EC /* Main.storyboard */; };
		BA6B2DEE1C808872009B00EC /* Assets.xcassets in Resources */ = {isa = PBXBuildFile; fileRef = BA6B2DED1C808872009B00EC /* Assets.xcassets */; };
		BA6B2DF11C808872009B00EC /* LaunchScreen.storyboard in Resources */ = {isa = PBXBuildFile; fileRef = BA6B2DEF1C808872009B00EC /* LaunchScreen.storyboard */; };
/* End PBXBuildFile section */

/* Begin PBXFileReference section */
		BA6B2DDE1C808872009B00EC /* ZHNews.app */ = {isa = PBXFileReference; explicitFileType = wrapper.application; includeInIndex = 0; path = ZHNews.app; sourceTree = BUILT_PRODUCTS_DIR; };
		BA6B2DE21C808872009B00EC /* main.m */ = {isa = PBXFileReference; lastKnownFileType = sourcecode.c.objc; path = main.m; sourceTree = "<group>"; };
		BA6B2DE41C808872009B00EC /* AppDelegate.h */ = {isa = PBXFileReference; lastKnownFileType = sourcecode.c.h; path = AppDelegate.h; sourceTree = "<group>"; };
		BA6B2DE51C808872009B00EC /* AppDelegate.m */ = {isa = PBXFileReference; lastKnownFileType = sourcecode.c.objc; path = AppDelegate.m; sourceTree = "<group>"; };
		BA6B2DE71C808872009B00EC /* ViewController.h */ = {isa = PBXFileReference; lastKnownFileType = sourcecode.c.h; path = ViewController.h; sourceTree = "<group>"; };
		BA6B2DE81C808872009B00EC /* ViewController.m */ = {isa = PBXFileReference; lastKnownFileType = sourcecode.c.objc; path = ViewController.m; sourceTree = "<group>"; };
		BA6B2DEB1C808872009B00EC /* Base */ = {isa = PBXFileReference; lastKnownFileType = file.storyboard; name = Base; path = Base.lproj/Main.storyboard; sourceTree = "<group>"; };
		BA6B2DED1C808872009B00EC /* Assets.xcassets */ = {isa = PBXFileReference; lastKnownFileType = folder.assetcatalog; path = Assets.xcassets; sourceTree = "<group>"; };
		BA6B2DF01C808872009B00EC /* Base */ = {isa = PBXFileReference; lastKnownFileType = file.storyboard; name = Base; path = Base.lproj/LaunchScreen.storyboard; sourceTree = "<group>"; };
		BA6B2DF21C808872009B00EC /* Info.plist */ = {isa = PBXFileReference; lastKnownFileType = text.plist.xml; path = Info.plist; sourceTree = "<group>"; };
/* End PBXFileReference section */

/* Begin PBXFrameworksBuildPhase section */
		BA6B2DDB1C808872009B00EC /* Frameworks */ = {
			isa = PBXFrameworksBuildPhase;
			buildActionMask = 2147483647;
			files = (
			);
			runOnlyForDeploymentPostprocessing = 0;
		};
/* End PBXFrameworksBuildPhase section */

/* Begin PBXGroup section */
		BA6B2DD51C808872009B00EC = {
			isa = PBXGroup;
			children = (
				BA6B2DE01C808872009B00EC /* ZHNews */,
				BA6B2DDF1C808872009B00EC /* Products */,
			);
			sourceTree = "<group>";
		};
		BA6B2DDF1C808872009B00EC /* Products */ = {
			isa = PBXGroup;
			children = (
				BA6B2DDE1C808872009B00EC /* ZHNews.app */,
			);
			name = Products;
			sourceTree = "<group>";
		};
		BA6B2DE01C808872009B00EC /* ZHNews */ = {
			isa = PBXGroup;
			children = (
				BA6B2DE41C808872009B00EC /* AppDelegate.h */,
				BA6B2DE51C808872009B00EC /* AppDelegate.m */,
				BA6B2DE71C808872009B00EC /* ViewController.h */,
				BA6B2DE81C808872009B00EC /* ViewController.m */,
				BA6B2DEA1C808872009B00EC /* Main.storyboard */,
				BA6B2DED1C808872009B00EC /* Assets.xcassets */,
				BA6B2DEF1C808872009B00EC /* LaunchScreen.storyboard */,
				BA6B2DF21C808872009B00EC /* Info.plist */,
				BA6B2DE11C808872009B00EC /* Supporting Files */,
			);
			path = ZHNews;
			sourceTree = "<group>";
		};
		BA6B2DE11C808872009B00EC /* Supporting Files */ = {
			isa = PBXGroup;
			children = (
				BA6B2DE21C808872009B00EC /* main.m */,
			);
			name = "Supporting Files";
			sourceTree = "<group>";
		};
/* End PBXGroup section */

/* Begin PBXNativeTarget section */
		BA6B2DDD1C808872009B00EC /* ZHNews */ = {
			isa = PBXNativeTarget;
			buildConfigurationList = BA6B2DF51C808872009B00EC /* Build configuration list for PBXNativeTarget "ZHNews" */;
			buildPhases = (
				BA6B2DDA1C808872009B00EC /* Sources */,
				BA6B2DDB1C808872009B00EC /* Frameworks */,
				BA6B2DDC1C808872009B00EC /* Resources */,
			);
			buildRules = (
			);
			dependencies = (
			);
			name = ZHNews;
			productName = ZHNews;
			productReference = BA6B2DDE1C808872009B00EC /* ZHNews.app */;
			productType = "com.apple.product-type.application";
		};
/* End PBXNativeTarget section */

/* Begin PBXProject section */
		BA6B2DD61C808872009B00EC /* Project object */ = {
			isa = PBXProject;
			attributes = {
				LastUpgradeCheck = 0700;
				ORGANIZATIONNAME = Henry;
				TargetAttributes = {
					BA6B2DDD1C808872009B00EC = {
						CreatedOnToolsVersion = 7.0.1;
						DevelopmentTeam = Q96829MEPR;
					};
				};
			};
			buildConfigurationList = BA6B2DD91C808872009B00EC /* Build configuration list for PBXProject "ZHNews" */;
			compatibilityVersion = "Xcode 3.2";
			developmentRegion = English;
			hasScannedForEncodings = 0;
			knownRegions = (
				en,
				Base,
			);
			mainGroup = BA6B2DD51C808872009B00EC;
			productRefGroup = BA6B2DDF1C808872009B00EC /* Products */;
			projectDirPath = "";
			projectRoot = "";
			targets = (
				BA6B2DDD1C808872009B00EC /* ZHNews */,
			);
		};
/* End PBXProject section */

/* Begin PBXResourcesBuildPhase section */
		BA6B2DDC1C808872009B00EC /* Resources */ = {
			isa = PBXResourcesBuildPhase;
			buildActionMask = 2147483647;
			files = (
				BA6B2DF11C808872009B00EC /* LaunchScreen.storyboard in Resources */,
				BA6B2DEE1C808872009B00EC /* Assets.xcassets in Resources */,
				BA6B2DEC1C808872009B00EC /* Main.storyboard in Resources */,
			);
			runOnlyForDeploymentPostprocessing = 0;
		};
/* End PBXResourcesBuildPhase section */

/* Begin PBXSourcesBuildPhase section */
		BA6B2DDA1C808872009B00EC /* Sources */ = {
			isa = PBXSourcesBuildPhase;
			buildActionMask = 2147483647;
			files = (
				BA6B2DE91C808872009B00EC /* ViewController.m in Sources */,
				BA6B2DE61C808872009B00EC /* AppDelegate.m in Sources */,
				BA6B2DE31C808872009B00EC /* main.m in Sources */,
			);
			runOnlyForDeploymentPostprocessing = 0;
		};
/* End PBXSourcesBuildPhase section */

/* Begin PBXVariantGroup section */
		BA6B2DEA1C808872009B00EC /* Main.storyboard */ = {
			isa = PBXVariantGroup;
			children = (
				BA6B2DEB1C808872009B00EC /* Base */,
			);
			name = Main.storyboard;
			sourceTree = "<group>";
		};
		BA6B2DEF1C808872009B00EC /* LaunchScreen.storyboard */ = {
			isa = PBXVariantGroup;
			children = (
				BA6B2DF01C808872009B00EC /* Base */,
			);
			name = LaunchScreen.storyboard;
			sourceTree = "<group>";
		};
/* End PBXVariantGroup section */

/* Begin XCBuildConfiguration section */
		BA6B2DF31C808872009B00EC /* Debug */ = {
			isa = XCBuildConfiguration;
			buildSettings = {
				ALWAYS_SEARCH_USER_PATHS = NO;
				CLANG_CXX_LANGUAGE_STANDARD = "gnu++0x";
				CLANG_CXX_LIBRARY = "libc++";
				CLANG_ENABLE_MODULES = YES;
				CLANG_ENABLE_OBJC_ARC = YES;
				CLANG_WARN_BOOL_CONVERSION = YES;
				CLANG_WARN_CONSTANT_CONVERSION = YES;
				CLANG_WARN_DIRECT_OBJC_ISA_USAGE = YES_ERROR;
				CLANG_WARN_EMPTY_BODY = YES;
				CLANG_WARN_ENUM_CONVERSION = YES;
				CLANG_WARN_INT_CONVERSION = YES;
				CLANG_WARN_OBJC_ROOT_CLASS = YES_ERROR;
				CLANG_WARN_UNREACHABLE_CODE = YES;
				CLANG_WARN__DUPLICATE_METHOD_MATCH = YES;
				"CODE_SIGN_IDENTITY[sdk=iphoneos*]" = "iPhone Developer";
				COPY_PHASE_STRIP = NO;
				DEBUG_INFORMATION_FORMAT = dwarf;
				ENABLE_STRICT_OBJC_MSGSEND = YES;
				ENABLE_TESTABILITY = YES;
				GCC_C_LANGUAGE_STANDARD = gnu99;
				GCC_DYNAMIC_NO_PIC = NO;
				GCC_NO_COMMON_BLOCKS = YES;
				GCC_OPTIMIZATION_LEVEL = 0;
				GCC_PREPROCESSOR_DEFINITIONS = (
					"DEBUG=1",
					"$(inherited)",
				);
				GCC_WARN_64_TO_32_BIT_CONVERSION = YES;
				GCC_WARN_ABOUT_RETURN_TYPE = YES_ERROR;
				GCC_WARN_UNDECLARED_SELECTOR = YES;
				GCC_WARN_UNINITIALIZED_AUTOS = YES_AGGRESSIVE;
				GCC_WARN_UNUSED_FUNCTION = YES;
				GCC_WARN_UNUSED_VARIABLE = YES;
				IPHONEOS_DEPLOYMENT_TARGET = 9.0;
				MTL_ENABLE_DEBUG_INFO = YES;
				ONLY_ACTIVE_ARCH = YES;
				SDKROOT = iphoneos;
			};
			name = Debug;
		};
		BA6B2DF41C808872009B00EC /* Release */ = {
			isa = XCBuildConfiguration;
			buildSettings = {
				ALWAYS_SEARCH_USER_PATHS = NO;
				CLANG_CXX_LANGUAGE_STANDARD = "gnu++0x";
				CLANG_CXX_LIBRARY = "libc++";
				CLANG_ENABLE_MODULES = YES;
				CLANG_ENABLE_OBJC_ARC = YES;
				CLANG_WARN_BOOL_CONVERSION = YES;
				CLANG_WARN_CONSTANT_CONVERSION = YES;
				CLANG_WARN_DIRECT_OBJC_ISA_USAGE = YES_ERROR;
				CLANG_WARN_EMPTY_BODY = YES;
				CLANG_WARN_ENUM_CONVERSION = YES;
				CLANG_WARN_INT_CONVERSION = YES;
				CLANG_WARN_OBJC_ROOT_CLASS = YES_ERROR;
				CLANG_WARN_UNREACHABLE_CODE = YES;
				CLANG_WARN__DUPLICATE_METHOD_MATCH = YES;
				"CODE_SIGN_IDENTITY[sdk=iphoneos*]" = "iPhone Developer";
				COPY_PHASE_STRIP = NO;
				DEBUG_INFORMATION_FORMAT = "dwarf-with-dsym";
				ENABLE_NS_ASSERTIONS = NO;
				ENABLE_STRICT_OBJC_MSGSEND = YES;
				GCC_C_LANGUAGE_STANDARD = gnu99;
				GCC_NO_COMMON_BLOCKS = YES;
				GCC_WARN_64_TO_32_BIT_CONVERSION = YES;
				GCC_WARN_ABOUT_RETURN_TYPE = YES_ERROR;
				GCC_WARN_UNDECLARED_SELECTOR = YES;
				GCC_WARN_UNINITIALIZED_AUTOS = YES_AGGRESSIVE;
				GCC_WARN_UNUSED_FUNCTION = YES;
				GCC_WARN_UNUSED_VARIABLE = YES;
				IPHONEOS_DEPLOYMENT_TARGET = 9.0;
				MTL_ENABLE_DEBUG_INFO = NO;
				SDKROOT = iphoneos;
				VALIDATE_PRODUCT = YES;
			};
			name = Release;
		};
		BA6B2DF61C808872009B00EC /* Debug */ = {
			isa = XCBuildConfiguration;
			buildSettings = {
				ASSETCATALOG_COMPILER_APPICON_NAME = AppIcon;
				CODE_SIGN_IDENTITY = "iPhone Developer";
				INFOPLIST_FILE = ZHNews/Info.plist;
				LD_RUNPATH_SEARCH_PATHS = "$(inherited) @executable_path/Frameworks";
				PRODUCT_BUNDLE_IDENTIFIER = com.bingits.ZHNews;
				PRODUCT_NAME = "$(TARGET_NAME)";
			};
			name = Debug;
		};
		BA6B2DF71C808872009B00EC /* Release */ = {
			isa = XCBuildConfiguration;
			buildSettings = {
				ASSETCATALOG_COMPILER_APPICON_NAME = AppIcon;
				CODE_SIGN_IDENTITY = "iPhone Developer";
				INFOPLIST_FILE = ZHNews/Info.plist;
				LD_RUNPATH_SEARCH_PATHS = "$(inherited) @executable_path/Frameworks";
				PRODUCT_BUNDLE_IDENTIFIER = com.bingits.ZHNews;
				PRODUCT_NAME = "$(TARGET_NAME)";
			};
			name = Release;
		};
/* End XCBuildConfiguration section */

/* Begin XCConfigurationList section */
		BA6B2DD91C808872009B00EC /* Build configuration list for PBXProject "ZHNews" */ = {
			isa = XCConfigurationList;
			buildConfigurations = (
				BA6B2DF31C808872009B00EC /* Debug */,
				BA6B2DF41C808872009B00EC /* Release */,
			);
			defaultConfigurationIsVisible = 0;
			defaultConfigurationName = Release;
		};
		BA6B2DF51C808872009B00EC /* Build configuration list for PBXNativeTarget "ZHNews" */ = {
			isa = XCConfigurationList;
			buildConfigurations = (
				BA6B2DF61C808872009B00EC /* Debug */,
				BA6B2DF71C808872009B00EC /* Release */,
			);
			defaultConfigurationIsVisible = 0;
		};
/* End XCConfigurationList section */
	};
	rootObject = BA6B2DD61C808872009B00EC /* Project object */;
}
